
Microsoft Visual Studio Solution File, Format Version 12.00
# Visual Studio 15
VisualStudioVersion = 15.0.27130.2010
MinimumVisualStudioVersion = 10.0.40219.1
Project("{FAE04EC0-301F-11D3-BF4B-00C04F79EFBC}") = "Data", "Data\Data.csproj", "{C15B253F-5164-4B72-84B2-4C0BDDD6C30A}"
EndProject
Project("{FAE04EC0-301F-11D3-BF4B-00C04F79EFBC}") = "WebUI", "WebUI\WebUI.csproj", "{D6880F25-F1CC-43AF-A723-EC2F30BC99CA}"
EndProject
Project("{FAE04EC0-301F-11D3-BF4B-00C04F79EFBC}") = "DomainModels", "DomainModels\DomainModels.csproj", "{8BCAAC6C-8427-4C05-AB05-3F27158EE264}"
EndProject
Project("{FAE04EC0-301F-11D3-BF4B-00C04F79EFBC}") = "ApplicationServices", "Services\ApplicationServices.csproj", "{CBC96F22-CFC6-45F9-A12F-C4E688EF7447}"
EndProject
Project("{FAE04EC0-301F-11D3-BF4B-00C04F79EFBC}") = "Constants", "Constants\Constants.csproj", "{CD3E8EC5-CCE7-486C-B0D9-709ACC398E19}"
EndProject
Global
	GlobalSection(SolutionConfigurationPlatforms) = preSolution
		Debug|Any CPU = Debug|Any CPU
		Release|Any CPU = Release|Any CPU
	EndGlobalSection
	GlobalSection(ProjectConfigurationPlatforms) = postSolution
		{C15B253F-5164-4B72-84B2-4C0BDDD6C30A}.Debug|Any CPU.ActiveCfg = Debug|Any CPU
		{C15B253F-5164-4B72-84B2-4C0BDDD6C30A}.Debug|Any CPU.Build.0 = Debug|Any CPU
		{C15B253F-5164-4B72-84B2-4C0BDDD6C30A}.Release|Any CPU.ActiveCfg = Release|Any CPU
		{C15B253F-5164-4B72-84B2-4C0BDDD6C30A}.Release|Any CPU.Build.0 = Release|Any CPU
		{D6880F25-F1CC-43AF-A723-EC2F30BC99CA}.Debug|Any CPU.ActiveCfg = Debug|Any CPU
		{D6880F25-F1CC-43AF-A723-EC2F30BC99CA}.Debug|Any CPU.Build.0 = Debug|Any CPU
		{D6880F25-F1CC-43AF-A723-EC2F30BC99CA}.Release|Any CPU.ActiveCfg = Release|Any CPU
		{D6880F25-F1CC-43AF-A723-EC2F30BC99CA}.Release|Any CPU.Build.0 = Release|Any CPU
		{8BCAAC6C-8427-4C05-AB05-3F27158EE264}.Debug|Any CPU.ActiveCfg = Debug|Any CPU
		{8BCAAC6C-8427-4C05-AB05-3F27158EE264}.Debug|Any CPU.Build.0 = Debug|Any CPU
		{8BCAAC6C-8427-4C05-AB05-3F27158EE264}.Release|Any CPU.ActiveCfg = Release|Any CPU
		{8BCAAC6C-8427-4C05-AB05-3F27158EE264}.Release|Any CPU.Build.0 = Release|Any CPU
		{CBC96F22-CFC6-45F9-A12F-C4E688EF7447}.Debug|Any CPU.ActiveCfg = Debug|Any CPU
		{CBC96F22-CFC6-45F9-A12F-C4E688EF7447}.Debug|Any CPU.Build.0 = Debug|Any CPU
		{CBC96F22-CFC6-45F9-A12F-C4E688EF7447}.Release|Any CPU.ActiveCfg = Release|Any CPU
		{CBC96F22-CFC6-45F9-A12F-C4E688EF7447}.Release|Any CPU.Build.0 = Release|Any CPU
		{CD3E8EC5-CCE7-486C-B0D9-709ACC398E19}.Debug|Any CPU.ActiveCfg = Debug|Any CPU
		{CD3E8EC5-CCE7-486C-B0D9-709ACC398E19}.Debug|Any CPU.Build.0 = Debug|Any CPU
		{CD3E8EC5-CCE7-486C-B0D9-709ACC398E19}.Release|Any CPU.ActiveCfg = Release|Any CPU
		{CD3E8EC5-CCE7-486C-B0D9-709ACC398E19}.Release|Any CPU.Build.0 = Release|Any CPU
	EndGlobalSection
	GlobalSection(SolutionProperties) = preSolution
		HideSolutionNode = FALSE
	EndGlobalSection
	GlobalSection(ExtensibilityGlobals) = postSolution
		SolutionGuid = {08704A19-DA67-4847-B0F8-71B4FC0CABC1}
	EndGlobalSection
EndGlobal
